
Microsoft Visual Studio Solution File, Format Version 12.00
# Visual Studio Version 17
VisualStudioVersion = 17.5.33627.172
MinimumVisualStudioVersion = 10.0.40219.1
Project("{FAE04EC0-301F-11D3-BF4B-00C04F79EFBC}") = "Luval.Coach", "Luval.Coach.csproj", "{EE46AE96-B278-48FA-B8D4-B5B09C0D5162}"
EndProject
Project("{9A19103F-16F7-4668-BE54-9A1E7A4F7556}") = "Luval.Framework.Core", "..\..\..\luval-framework\code\Luval.Framework.Core\Luval.Framework.Core.csproj", "{3B703454-7F90-4A2D-8241-859848232B02}"
EndProject
Project("{9A19103F-16F7-4668-BE54-9A1E7A4F7556}") = "Luval.Framework.Services", "..\..\..\luval-framework\code\Luval.Framework.Services\Luval.Framework.Services.csproj", "{737C51FF-3C71-431D-8544-E1DB8200FE84}"
EndProject
Global
	GlobalSection(SolutionConfigurationPlatforms) = preSolution
		Debug|Any CPU = Debug|Any CPU
		Release|Any CPU = Release|Any CPU
	EndGlobalSection
	GlobalSection(ProjectConfigurationPlatforms) = postSolution
		{EE46AE96-B278-48FA-B8D4-B5B09C0D5162}.Debug|Any CPU.ActiveCfg = Debug|Any CPU
		{EE46AE96-B278-48FA-B8D4-B5B09C0D5162}.Debug|Any CPU.Build.0 = Debug|Any CPU
		{EE46AE96-B278-48FA-B8D4-B5B09C0D5162}.Release|Any CPU.ActiveCfg = Release|Any CPU
		{EE46AE96-B278-48FA-B8D4-B5B09C0D5162}.Release|Any CPU.Build.0 = Release|Any CPU
		{3B703454-7F90-4A2D-8241-859848232B02}.Debug|Any CPU.ActiveCfg = Debug|Any CPU
		{3B703454-7F90-4A2D-8241-859848232B02}.Debug|Any CPU.Build.0 = Debug|Any CPU
		{3B703454-7F90-4A2D-8241-859848232B02}.Release|Any CPU.ActiveCfg = Release|Any CPU
		{3B703454-7F90-4A2D-8241-859848232B02}.Release|Any CPU.Build.0 = Release|Any CPU
		{737C51FF-3C71-431D-8544-E1DB8200FE84}.Debug|Any CPU.ActiveCfg = Debug|Any CPU
		{737C51FF-3C71-431D-8544-E1DB8200FE84}.Debug|Any CPU.Build.0 = Debug|Any CPU
		{737C51FF-3C71-431D-8544-E1DB8200FE84}.Release|Any CPU.ActiveCfg = Release|Any CPU
		{737C51FF-3C71-431D-8544-E1DB8200FE84}.Release|Any CPU.Build.0 = Release|Any CPU
	EndGlobalSection
	GlobalSection(SolutionProperties) = preSolution
		HideSolutionNode = FALSE
	EndGlobalSection
	GlobalSection(ExtensibilityGlobals) = postSolution
		SolutionGuid = {35916335-5CE8-4B14-93F0-85BCDAEB9CCE}
	EndGlobalSection
EndGlobal
